
Microsoft Visual Studio Solution File, Format Version 12.00
# Visual Studio 15
VisualStudioVersion = 15.0.28010.2046
MinimumVisualStudioVersion = 10.0.40219.1
Project("{FAE04EC0-301F-11D3-BF4B-00C04F79EFBC}") = "BowlingKata", "Bowling Kata\BowlingKata.csproj", "{5D963B17-8E47-4DDE-9E51-E3BB4BD9F880}"
EndProject
Project("{FAE04EC0-301F-11D3-BF4B-00C04F79EFBC}") = "BowlingKataTests", "Bowling Kata Tests\BowlingKataTests.csproj", "{D70E2FCF-B49A-4BC6-A45A-0E1FB36E8A9D}"
EndProject
Global
	GlobalSection(SolutionConfigurationPlatforms) = preSolution
		Debug|Any CPU = Debug|Any CPU
		Release|Any CPU = Release|Any CPU
	EndGlobalSection
	GlobalSection(ProjectConfigurationPlatforms) = postSolution
		{5D963B17-8E47-4DDE-9E51-E3BB4BD9F880}.Debug|Any CPU.ActiveCfg = Debug|Any CPU
		{5D963B17-8E47-4DDE-9E51-E3BB4BD9F880}.Debug|Any CPU.Build.0 = Debug|Any CPU
		{5D963B17-8E47-4DDE-9E51-E3BB4BD9F880}.Release|Any CPU.ActiveCfg = Release|Any CPU
		{5D963B17-8E47-4DDE-9E51-E3BB4BD9F880}.Release|Any CPU.Build.0 = Release|Any CPU
		{D70E2FCF-B49A-4BC6-A45A-0E1FB36E8A9D}.Debug|Any CPU.ActiveCfg = Debug|Any CPU
		{D70E2FCF-B49A-4BC6-A45A-0E1FB36E8A9D}.Debug|Any CPU.Build.0 = Debug|Any CPU
		{D70E2FCF-B49A-4BC6-A45A-0E1FB36E8A9D}.Release|Any CPU.ActiveCfg = Release|Any CPU
		{D70E2FCF-B49A-4BC6-A45A-0E1FB36E8A9D}.Release|Any CPU.Build.0 = Release|Any CPU
	EndGlobalSection
	GlobalSection(SolutionProperties) = preSolution
		HideSolutionNode = FALSE
	EndGlobalSection
	GlobalSection(ExtensibilityGlobals) = postSolution
		SolutionGuid = {D37F6666-5A4D-4469-82C0-5D8953FFAD22}
	EndGlobalSection
EndGlobal
